// !$*UTF8*$!
{
	archiveVersion = 1;
	classes = {
	};
	objectVersion = 46;
	objects = {

/* Begin PBXBuildFile section */
		8AED04511B0FBC8900FABAD4 /* AppDelegate.swift in Sources */ = {isa = PBXBuildFile; fileRef = 8AED04501B0FBC8900FABAD4 /* AppDelegate.swift */; };
		8AED04531B0FBC8900FABAD4 /* RecordSoundsViewController.swift in Sources */ = {isa = PBXBuildFile; fileRef = 8AED04521B0FBC8900FABAD4 /* RecordSoundsViewController.swift */; };
		8AED04561B0FBC8900FABAD4 /* Main.storyboard in Resources */ = {isa = PBXBuildFile; fileRef = 8AED04541B0FBC8900FABAD4 /* Main.storyboard */; };
		8AED04581B0FBC8900FABAD4 /* Images.xcassets in Resources */ = {isa = PBXBuildFile; fileRef = 8AED04571B0FBC8900FABAD4 /* Images.xcassets */; };
		8AED045B1B0FBC8900FABAD4 /* LaunchScreen.xib in Resources */ = {isa = PBXBuildFile; fileRef = 8AED04591B0FBC8900FABAD4 /* LaunchScreen.xib */; };
		8AED04671B0FBC8A00FABAD4 /* Pitch_PerfectTests.swift in Sources */ = {isa = PBXBuildFile; fileRef = 8AED04661B0FBC8A00FABAD4 /* Pitch_PerfectTests.swift */; };
		8AED04711B0FE1B800FABAD4 /* PlaySoundsViewController.swift in Sources */ = {isa = PBXBuildFile; fileRef = 8AED04701B0FE1B800FABAD4 /* PlaySoundsViewController.swift */; };
		8AED04731B0FE60800FABAD4 /* movie_quote.mp3 in Resources */ = {isa = PBXBuildFile; fileRef = 8AED04721B0FE60800FABAD4 /* movie_quote.mp3 */; };
		8AED04751B0FFB6900FABAD4 /* RecordedAudio.swift in Sources */ = {isa = PBXBuildFile; fileRef = 8AED04741B0FFB6900FABAD4 /* RecordedAudio.swift */; };
/* End PBXBuildFile section */

/* Begin PBXContainerItemProxy section */
		8AED04611B0FBC8900FABAD4 /* PBXContainerItemProxy */ = {
			isa = PBXContainerItemProxy;
			containerPortal = 8AED04431B0FBC8900FABAD4 /* Project object */;
			proxyType = 1;
			remoteGlobalIDString = 8AED044A1B0FBC8900FABAD4;
			remoteInfo = "Pitch Perfect";
		};
/* End PBXContainerItemProxy section */

/* Begin PBXFileReference section */
		8AED044B1B0FBC8900FABAD4 /* Pitch Perfect.app */ = {isa = PBXFileReference; explicitFileType = wrapper.application; includeInIndex = 0; path = "Pitch Perfect.app"; sourceTree = BUILT_PRODUCTS_DIR; };
		8AED044F1B0FBC8900FABAD4 /* Info.plist */ = {isa = PBXFileReference; lastKnownFileType = text.plist.xml; path = Info.plist; sourceTree = "<group>"; };
		8AED04501B0FBC8900FABAD4 /* AppDelegate.swift */ = {isa = PBXFileReference; lastKnownFileType = sourcecode.swift; path = AppDelegate.swift; sourceTree = "<group>"; };
		8AED04521B0FBC8900FABAD4 /* RecordSoundsViewController.swift */ = {isa = PBXFileReference; lastKnownFileType = sourcecode.swift; path = RecordSoundsViewController.swift; sourceTree = "<group>"; };
		8AED04551B0FBC8900FABAD4 /* Base */ = {isa = PBXFileReference; lastKnownFileType = file.storyboard; name = Base; path = Base.lproj/Main.storyboard; sourceTree = "<group>"; };
		8AED04571B0FBC8900FABAD4 /* Images.xcassets */ = {isa = PBXFileReference; lastKnownFileType = folder.assetcatalog; path = Images.xcassets; sourceTree = "<group>"; };
		8AED045A1B0FBC8900FABAD4 /* Base */ = {isa = PBXFileReference; lastKnownFileType = file.xib; name = Base; path = Base.lproj/LaunchScreen.xib; sourceTree = "<group>"; };
		8AED04601B0FBC8900FABAD4 /* Pitch PerfectTests.xctest */ = {isa = PBXFileReference; explicitFileType = wrapper.cfbundle; includeInIndex = 0; path = "Pitch PerfectTests.xctest"; sourceTree = BUILT_PRODUCTS_DIR; };
		8AED04651B0FBC8900FABAD4 /* Info.plist */ = {isa = PBXFileReference; lastKnownFileType = text.plist.xml; path = Info.plist; sourceTree = "<group>"; };
		8AED04661B0FBC8A00FABAD4 /* Pitch_PerfectTests.swift */ = {isa = PBXFileReference; lastKnownFileType = sourcecode.swift; path = Pitch_PerfectTests.swift; sourceTree = "<group>"; };
		8AED04701B0FE1B800FABAD4 /* PlaySoundsViewController.swift */ = {isa = PBXFileReference; fileEncoding = 4; lastKnownFileType = sourcecode.swift; path = PlaySoundsViewController.swift; sourceTree = "<group>"; };
		8AED04721B0FE60800FABAD4 /* movie_quote.mp3 */ = {isa = PBXFileReference; lastKnownFileType = audio.mp3; path = movie_quote.mp3; sourceTree = "<group>"; };
		8AED04741B0FFB6900FABAD4 /* RecordedAudio.swift */ = {isa = PBXFileReference; fileEncoding = 4; lastKnownFileType = sourcecode.swift; path = RecordedAudio.swift; sourceTree = "<group>"; };
/* End PBXFileReference section */

/* Begin PBXFrameworksBuildPhase section */
		8AED04481B0FBC8900FABAD4 /* Frameworks */ = {
			isa = PBXFrameworksBuildPhase;
			buildActionMask = 2147483647;
			files = (
			);
			runOnlyForDeploymentPostprocessing = 0;
		};
		8AED045D1B0FBC8900FABAD4 /* Frameworks */ = {
			isa = PBXFrameworksBuildPhase;
			buildActionMask = 2147483647;
			files = (
			);
			runOnlyForDeploymentPostprocessing = 0;
		};
/* End PBXFrameworksBuildPhase section */

/* Begin PBXGroup section */
		8AED04421B0FBC8900FABAD4 = {
			isa = PBXGroup;
			children = (
				8AED044D1B0FBC8900FABAD4 /* Pitch Perfect */,
				8AED04631B0FBC8900FABAD4 /* Pitch PerfectTests */,
				8AED044C1B0FBC8900FABAD4 /* Products */,
			);
			sourceTree = "<group>";
		};
		8AED044C1B0FBC8900FABAD4 /* Products */ = {
			isa = PBXGroup;
			children = (
				8AED044B1B0FBC8900FABAD4 /* Pitch Perfect.app */,
				8AED04601B0FBC8900FABAD4 /* Pitch PerfectTests.xctest */,
			);
			name = Products;
			sourceTree = "<group>";
		};
		8AED044D1B0FBC8900FABAD4 /* Pitch Perfect */ = {
			isa = PBXGroup;
			children = (
				8AED04501B0FBC8900FABAD4 /* AppDelegate.swift */,
				8AED04521B0FBC8900FABAD4 /* RecordSoundsViewController.swift */,
				8AED04741B0FFB6900FABAD4 /* RecordedAudio.swift */,
				8AED04541B0FBC8900FABAD4 /* Main.storyboard */,
				8AED04701B0FE1B800FABAD4 /* PlaySoundsViewController.swift */,
				8AED04571B0FBC8900FABAD4 /* Images.xcassets */,
				8AED04591B0FBC8900FABAD4 /* LaunchScreen.xib */,
				8AED044E1B0FBC8900FABAD4 /* Supporting Files */,
			);
			path = "Pitch Perfect";
			sourceTree = "<group>";
		};
		8AED044E1B0FBC8900FABAD4 /* Supporting Files */ = {
			isa = PBXGroup;
			children = (
				8AED04721B0FE60800FABAD4 /* movie_quote.mp3 */,
				8AED044F1B0FBC8900FABAD4 /* Info.plist */,
			);
			name = "Supporting Files";
			sourceTree = "<group>";
		};
		8AED04631B0FBC8900FABAD4 /* Pitch PerfectTests */ = {
			isa = PBXGroup;
			children = (
				8AED04661B0FBC8A00FABAD4 /* Pitch_PerfectTests.swift */,
				8AED04641B0FBC8900FABAD4 /* Supporting Files */,
			);
			path = "Pitch PerfectTests";
			sourceTree = "<group>";
		};
		8AED04641B0FBC8900FABAD4 /* Supporting Files */ = {
			isa = PBXGroup;
			children = (
				8AED04651B0FBC8900FABAD4 /* Info.plist */,
			);
			name = "Supporting Files";
			sourceTree = "<group>";
		};
/* End PBXGroup section */

/* Begin PBXNativeTarget section */
		8AED044A1B0FBC8900FABAD4 /* Pitch Perfect */ = {
			isa = PBXNativeTarget;
			buildConfigurationList = 8AED046A1B0FBC8A00FABAD4 /* Build configuration list for PBXNativeTarget "Pitch Perfect" */;
			buildPhases = (
				8AED04471B0FBC8900FABAD4 /* Sources */,
				8AED04481B0FBC8900FABAD4 /* Frameworks */,
				8AED04491B0FBC8900FABAD4 /* Resources */,
			);
			buildRules = (
			);
			dependencies = (
			);
			name = "Pitch Perfect";
			productName = "Pitch Perfect";
			productReference = 8AED044B1B0FBC8900FABAD4 /* Pitch Perfect.app */;
			productType = "com.apple.product-type.application";
		};
		8AED045F1B0FBC8900FABAD4 /* Pitch PerfectTests */ = {
			isa = PBXNativeTarget;
			buildConfigurationList = 8AED046D1B0FBC8A00FABAD4 /* Build configuration list for PBXNativeTarget "Pitch PerfectTests" */;
			buildPhases = (
				8AED045C1B0FBC8900FABAD4 /* Sources */,
				8AED045D1B0FBC8900FABAD4 /* Frameworks */,
				8AED045E1B0FBC8900FABAD4 /* Resources */,
			);
			buildRules = (
			);
			dependencies = (
				8AED04621B0FBC8900FABAD4 /* PBXTargetDependency */,
			);
			name = "Pitch PerfectTests";
			productName = "Pitch PerfectTests";
			productReference = 8AED04601B0FBC8900FABAD4 /* Pitch PerfectTests.xctest */;
			productType = "com.apple.product-type.bundle.unit-test";
		};
/* End PBXNativeTarget section */

/* Begin PBXProject section */
		8AED04431B0FBC8900FABAD4 /* Project object */ = {
			isa = PBXProject;
			attributes = {
				LastUpgradeCheck = 0630;
				ORGANIZATIONNAME = "Pranav Kundra";
				TargetAttributes = {
					8AED044A1B0FBC8900FABAD4 = {
						CreatedOnToolsVersion = 6.3.1;
					};
					8AED045F1B0FBC8900FABAD4 = {
						CreatedOnToolsVersion = 6.3.1;
						TestTargetID = 8AED044A1B0FBC8900FABAD4;
					};
				};
			};
			buildConfigurationList = 8AED04461B0FBC8900FABAD4 /* Build configuration list for PBXProject "Pitch Perfect" */;
			compatibilityVersion = "Xcode 3.2";
			developmentRegion = English;
			hasScannedForEncodings = 0;
			knownRegions = (
				en,
				Base,
			);
			mainGroup = 8AED04421B0FBC8900FABAD4;
			productRefGroup = 8AED044C1B0FBC8900FABAD4 /* Products */;
			projectDirPath = "";
			projectRoot = "";
			targets = (
				8AED044A1B0FBC8900FABAD4 /* Pitch Perfect */,
				8AED045F1B0FBC8900FABAD4 /* Pitch PerfectTests */,
			);
		};
/* End PBXProject section */

/* Begin PBXResourcesBuildPhase section */
		8AED04491B0FBC8900FABAD4 /* Resources */ = {
			isa = PBXResourcesBuildPhase;
			buildActionMask = 2147483647;
			files = (
				8AED04561B0FBC8900FABAD4 /* Main.storyboard in Resources */,
				8AED045B1B0FBC8900FABAD4 /* LaunchScreen.xib in Resources */,
				8AED04731B0FE60800FABAD4 /* movie_quote.mp3 in Resources */,
				8AED04581B0FBC8900FABAD4 /* Images.xcassets in Resources */,
			);
			runOnlyForDeploymentPostprocessing = 0;
		};
		8AED045E1B0FBC8900FABAD4 /* Resources */ = {
			isa = PBXResourcesBuildPhase;
			buildActionMask = 2147483647;
			files = (
			);
			runOnlyForDeploymentPostprocessing = 0;
		};
/* End PBXResourcesBuildPhase section */

/* Begin PBXSourcesBuildPhase section */
		8AED04471B0FBC8900FABAD4 /* Sources */ = {
			isa = PBXSourcesBuildPhase;
			buildActionMask = 2147483647;
			files = (
				8AED04751B0FFB6900FABAD4 /* RecordedAudio.swift in Sources */,
				8AED04531B0FBC8900FABAD4 /* RecordSoundsViewController.swift in Sources */,
				8AED04711B0FE1B800FABAD4 /* PlaySoundsViewController.swift in Sources */,
				8AED04511B0FBC8900FABAD4 /* AppDelegate.swift in Sources */,
			);
			runOnlyForDeploymentPostprocessing = 0;
		};
		8AED045C1B0FBC8900FABAD4 /* Sources */ = {
			isa = PBXSourcesBuildPhase;
			buildActionMask = 2147483647;
			files = (
				8AED04671B0FBC8A00FABAD4 /* Pitch_PerfectTests.swift in Sources */,
			);
			runOnlyForDeploymentPostprocessing = 0;
		};
/* End PBXSourcesBuildPhase section */

/* Begin PBXTargetDependency section */
		8AED04621B0FBC8900FABAD4 /* PBXTargetDependency */ = {
			isa = PBXTargetDependency;
			target = 8AED044A1B0FBC8900FABAD4 /* Pitch Perfect */;
			targetProxy = 8AED04611B0FBC8900FABAD4 /* PBXContainerItemProxy */;
		};
/* End PBXTargetDependency section */

/* Begin PBXVariantGroup section */
		8AED04541B0FBC8900FABAD4 /* Main.storyboard */ = {
			isa = PBXVariantGroup;
			children = (
				8AED04551B0FBC8900FABAD4 /* Base */,
			);
			name = Main.storyboard;
			sourceTree = "<group>";
		};
		8AED04591B0FBC8900FABAD4 /* LaunchScreen.xib */ = {
			isa = PBXVariantGroup;
			children = (
				8AED045A1B0FBC8900FABAD4 /* Base */,
			);
			name = LaunchScreen.xib;
			sourceTree = "<group>";
		};
/* End PBXVariantGroup section */

/* Begin XCBuildConfiguration section */
		8AED04681B0FBC8A00FABAD4 /* Debug */ = {
			isa = XCBuildConfiguration;
			buildSettings = {
				ALWAYS_SEARCH_USER_PATHS = NO;
				CLANG_CXX_LANGUAGE_STANDARD = "gnu++0x";
				CLANG_CXX_LIBRARY = "libc++";
				CLANG_ENABLE_MODULES = YES;
				CLANG_ENABLE_OBJC_ARC = YES;
				CLANG_WARN_BOOL_CONVERSION = YES;
				CLANG_WARN_CONSTANT_CONVERSION = YES;
				CLANG_WARN_DIRECT_OBJC_ISA_USAGE = YES_ERROR;
				CLANG_WARN_EMPTY_BODY = YES;
				CLANG_WARN_ENUM_CONVERSION = YES;
				CLANG_WARN_INT_CONVERSION = YES;
				CLANG_WARN_OBJC_ROOT_CLASS = YES_ERROR;
				CLANG_WARN_UNREACHABLE_CODE = YES;
				CLANG_WARN__DUPLICATE_METHOD_MATCH = YES;
				"CODE_SIGN_IDENTITY[sdk=iphoneos*]" = "iPhone Developer";
				COPY_PHASE_STRIP = NO;
				DEBUG_INFORMATION_FORMAT = "dwarf-with-dsym";
				ENABLE_STRICT_OBJC_MSGSEND = YES;
				GCC_C_LANGUAGE_STANDARD = gnu99;
				GCC_DYNAMIC_NO_PIC = NO;
				GCC_NO_COMMON_BLOCKS = YES;
				GCC_OPTIMIZATION_LEVEL = 0;
				GCC_PREPROCESSOR_DEFINITIONS = (
					"DEBUG=1",
					"$(inherited)",
				);
				GCC_SYMBOLS_PRIVATE_EXTERN = NO;
				GCC_WARN_64_TO_32_BIT_CONVERSION = YES;
				GCC_WARN_ABOUT_RETURN_TYPE = YES_ERROR;
				GCC_WARN_UNDECLARED_SELECTOR = YES;
				GCC_WARN_UNINITIALIZED_AUTOS = YES_AGGRESSIVE;
				GCC_WARN_UNUSED_FUNCTION = YES;
				GCC_WARN_UNUSED_VARIABLE = YES;
				IPHONEOS_DEPLOYMENT_TARGET = 8.3;
				MTL_ENABLE_DEBUG_INFO = YES;
				ONLY_ACTIVE_ARCH = YES;
				SDKROOT = iphoneos;
				SWIFT_OPTIMIZATION_LEVEL = "-Onone";
			};
			name = Debug;
		};
		8AED04691B0FBC8A00FABAD4 /* Release */ = {
			isa = XCBuildConfiguration;
			buildSettings = {
				ALWAYS_SEARCH_USER_PATHS = NO;
				CLANG_CXX_LANGUAGE_STANDARD = "gnu++0x";
				CLANG_CXX_LIBRARY = "libc++";
				CLANG_ENABLE_MODULES = YES;
				CLANG_ENABLE_OBJC_ARC = YES;
				CLANG_WARN_BOOL_CONVERSION = YES;
				CLANG_WARN_CONSTANT_CONVERSION = YES;
				CLANG_WARN_DIRECT_OBJC_ISA_USAGE = YES_ERROR;
				CLANG_WARN_EMPTY_BODY = YES;
				CLANG_WARN_ENUM_CONVERSION = YES;
				CLANG_WARN_INT_CONVERSION = YES;
				CLANG_WARN_OBJC_ROOT_CLASS = YES_ERROR;
				CLANG_WARN_UNREACHABLE_CODE = YES;
				CLANG_WARN__DUPLICATE_METHOD_MATCH = YES;
				"CODE_SIGN_IDENTITY[sdk=iphoneos*]" = "iPhone Developer";
				COPY_PHASE_STRIP = NO;
				DEBUG_INFORMATION_FORMAT = "dwarf-with-dsym";
				ENABLE_NS_ASSERTIONS = NO;
				ENABLE_STRICT_OBJC_MSGSEND = YES;
				GCC_C_LANGUAGE_STANDARD = gnu99;
				GCC_NO_COMMON_BLOCKS = YES;
				GCC_WARN_64_TO_32_BIT_CONVERSION = YES;
				GCC_WARN_ABOUT_RETURN_TYPE = YES_ERROR;
				GCC_WARN_UNDECLARED_SELECTOR = YES;
				GCC_WARN_UNINITIALIZED_AUTOS = YES_AGGRESSIVE;
				GCC_WARN_UNUSED_FUNCTION = YES;
				GCC_WARN_UNUSED_VARIABLE = YES;
				IPHONEOS_DEPLOYMENT_TARGET = 8.3;
				MTL_ENABLE_DEBUG_INFO = NO;
				SDKROOT = iphoneos;
				VALIDATE_PRODUCT = YES;
			};
			name = Release;
		};
		8AED046B1B0FBC8A00FABAD4 /* Debug */ = {
			isa = XCBuildConfiguration;
			buildSettings = {
				ASSETCATALOG_COMPILER_APPICON_NAME = AppIcon;
				INFOPLIST_FILE = "Pitch Perfect/Info.plist";
				IPHONEOS_DEPLOYMENT_TARGET = 8.0;
				LD_RUNPATH_SEARCH_PATHS = "$(inherited) @executable_path/Frameworks";
				PRODUCT_NAME = "$(TARGET_NAME)";
			};
			name = Debug;
		};
		8AED046C1B0FBC8A00FABAD4 /* Release */ = {
			isa = XCBuildConfiguration;
			buildSettings = {
				ASSETCATALOG_COMPILER_APPICON_NAME = AppIcon;
				INFOPLIST_FILE = "Pitch Perfect/Info.plist";
				IPHONEOS_DEPLOYMENT_TARGET = 8.0;
				LD_RUNPATH_SEARCH_PATHS = "$(inherited) @executable_path/Frameworks";
				PRODUCT_NAME = "$(TARGET_NAME)";
			};
			name = Release;
		};
		8AED046E1B0FBC8A00FABAD4 /* Debug */ = {
			isa = XCBuildConfiguration;
			buildSettings = {
				BUNDLE_LOADER = "$(TEST_HOST)";
				FRAMEWORK_SEARCH_PATHS = (
					"$(SDKROOT)/Developer/Library/Frameworks",
					"$(inherited)",
				);
				GCC_PREPROCESSOR_DEFINITIONS = (
					"DEBUG=1",
					"$(inherited)",
				);
				INFOPLIST_FILE = "Pitch PerfectTests/Info.plist";
				LD_RUNPATH_SEARCH_PATHS = "$(inherited) @executable_path/Frameworks @loader_path/Frameworks";
				PRODUCT_NAME = "$(TARGET_NAME)";
				TEST_HOST = "$(BUILT_PRODUCTS_DIR)/Pitch Perfect.app/Pitch Perfect";
			};
			name = Debug;
		};
		8AED046F1B0FBC8A00FABAD4 /* Release */ = {
			isa = XCBuildConfiguration;
			buildSettings = {
				BUNDLE_LOADER = "$(TEST_HOST)";
				FRAMEWORK_SEARCH_PATHS = (
					"$(SDKROOT)/Developer/Library/Frameworks",
					"$(inherited)",
				);
				INFOPLIST_FILE = "Pitch PerfectTests/Info.plist";
				LD_RUNPATH_SEARCH_PATHS = "$(inherited) @executable_path/Frameworks @loader_path/Frameworks";
				PRODUCT_NAME = "$(TARGET_NAME)";
				TEST_HOST = "$(BUILT_PRODUCTS_DIR)/Pitch Perfect.app/Pitch Perfect";
			};
			name = Release;
		};
/* End XCBuildConfiguration section */

/* Begin XCConfigurationList section */
		8AED04461B0FBC8900FABAD4 /* Build configuration list for PBXProject "Pitch Perfect" */ = {
			isa = XCConfigurationList;
			buildConfigurations = (
				8AED04681B0FBC8A00FABAD4 /* Debug */,
				8AED04691B0FBC8A00FABAD4 /* Release */,
			);
			defaultConfigurationIsVisible = 0;
			defaultConfigurationName = Release;
		};
		8AED046A1B0FBC8A00FABAD4 /* Build configuration list for PBXNativeTarget "Pitch Perfect" */ = {
			isa = XCConfigurationList;
			buildConfigurations = (
				8AED046B1B0FBC8A00FABAD4 /* Debug */,
				8AED046C1B0FBC8A00FABAD4 /* Release */,
			);
			defaultConfigurationIsVisible = 0;
		};
		8AED046D1B0FBC8A00FABAD4 /* Build configuration list for PBXNativeTarget "Pitch PerfectTests" */ = {
			isa = XCConfigurationList;
			buildConfigurations = (
				8AED046E1B0FBC8A00FABAD4 /* Debug */,
				8AED046F1B0FBC8A00FABAD4 /* Release */,
			);
			defaultConfigurationIsVisible = 0;
		};
/* End XCConfigurationList section */
	};
	rootObject = 8AED04431B0FBC8900FABAD4 /* Project object */;
}
